// !$*UTF8*$!
{
	archiveVersion = 1;
	classes = {
	};
	objectVersion = 50;
	objects = {

/* Begin PBXBuildFile section */
		AD22205F219BD94E0013519F /* AppDelegate.swift in Sources */ = {isa = PBXBuildFile; fileRef = AD22205E219BD94E0013519F /* AppDelegate.swift */; };
		AD222061219BD94E0013519F /* LogInViewController.swift in Sources */ = {isa = PBXBuildFile; fileRef = AD222060219BD94E0013519F /* LogInViewController.swift */; };
		AD222064219BD94E0013519F /* Main.storyboard in Resources */ = {isa = PBXBuildFile; fileRef = AD222062219BD94E0013519F /* Main.storyboard */; };
		AD222066219BD94F0013519F /* Assets.xcassets in Resources */ = {isa = PBXBuildFile; fileRef = AD222065219BD94F0013519F /* Assets.xcassets */; };
		AD222069219BD94F0013519F /* LaunchScreen.storyboard in Resources */ = {isa = PBXBuildFile; fileRef = AD222067219BD94F0013519F /* LaunchScreen.storyboard */; };
		AD222074219BD94F0013519F /* LocalAuthenticationProjectTests.swift in Sources */ = {isa = PBXBuildFile; fileRef = AD222073219BD94F0013519F /* LocalAuthenticationProjectTests.swift */; };
		AD22207F219BDA420013519F /* HomeViewController.swift in Sources */ = {isa = PBXBuildFile; fileRef = AD22207E219BDA420013519F /* HomeViewController.swift */; };
		AD222081219BDACE0013519F /* BiometricAuthentication.swift in Sources */ = {isa = PBXBuildFile; fileRef = AD222080219BDACE0013519F /* BiometricAuthentication.swift */; };
/* End PBXBuildFile section */

/* Begin PBXContainerItemProxy section */
		AD222070219BD94F0013519F /* PBXContainerItemProxy */ = {
			isa = PBXContainerItemProxy;
			containerPortal = AD222053219BD94E0013519F /* Project object */;
			proxyType = 1;
			remoteGlobalIDString = AD22205A219BD94E0013519F;
			remoteInfo = LocalAuthenticationProject;
		};
/* End PBXContainerItemProxy section */

/* Begin PBXFileReference section */
		AD22205B219BD94E0013519F /* LocalAuthenticationProject.app */ = {isa = PBXFileReference; explicitFileType = wrapper.application; includeInIndex = 0; path = LocalAuthenticationProject.app; sourceTree = BUILT_PRODUCTS_DIR; };
		AD22205E219BD94E0013519F /* AppDelegate.swift */ = {isa = PBXFileReference; lastKnownFileType = sourcecode.swift; path = AppDelegate.swift; sourceTree = "<group>"; };
		AD222060219BD94E0013519F /* LogInViewController.swift */ = {isa = PBXFileReference; lastKnownFileType = sourcecode.swift; path = LogInViewController.swift; sourceTree = "<group>"; };
		AD222063219BD94E0013519F /* Base */ = {isa = PBXFileReference; lastKnownFileType = file.storyboard; name = Base; path = Base.lproj/Main.storyboard; sourceTree = "<group>"; };
		AD222065219BD94F0013519F /* Assets.xcassets */ = {isa = PBXFileReference; lastKnownFileType = folder.assetcatalog; path = Assets.xcassets; sourceTree = "<group>"; };
		AD222068219BD94F0013519F /* Base */ = {isa = PBXFileReference; lastKnownFileType = file.storyboard; name = Base; path = Base.lproj/LaunchScreen.storyboard; sourceTree = "<group>"; };
		AD22206A219BD94F0013519F /* Info.plist */ = {isa = PBXFileReference; lastKnownFileType = text.plist.xml; path = Info.plist; sourceTree = "<group>"; };
		AD22206F219BD94F0013519F /* LocalAuthenticationProjectTests.xctest */ = {isa = PBXFileReference; explicitFileType = wrapper.cfbundle; includeInIndex = 0; path = LocalAuthenticationProjectTests.xctest; sourceTree = BUILT_PRODUCTS_DIR; };
		AD222073219BD94F0013519F /* LocalAuthenticationProjectTests.swift */ = {isa = PBXFileReference; lastKnownFileType = sourcecode.swift; path = LocalAuthenticationProjectTests.swift; sourceTree = "<group>"; };
		AD222075219BD94F0013519F /* Info.plist */ = {isa = PBXFileReference; lastKnownFileType = text.plist.xml; path = Info.plist; sourceTree = "<group>"; };
		AD22207E219BDA420013519F /* HomeViewController.swift */ = {isa = PBXFileReference; lastKnownFileType = sourcecode.swift; path = HomeViewController.swift; sourceTree = "<group>"; };
		AD222080219BDACE0013519F /* BiometricAuthentication.swift */ = {isa = PBXFileReference; lastKnownFileType = sourcecode.swift; path = BiometricAuthentication.swift; sourceTree = "<group>"; };
/* End PBXFileReference section */

/* Begin PBXFrameworksBuildPhase section */
		AD222058219BD94E0013519F /* Frameworks */ = {
			isa = PBXFrameworksBuildPhase;
			buildActionMask = 2147483647;
			files = (
			);
			runOnlyForDeploymentPostprocessing = 0;
		};
		AD22206C219BD94F0013519F /* Frameworks */ = {
			isa = PBXFrameworksBuildPhase;
			buildActionMask = 2147483647;
			files = (
			);
			runOnlyForDeploymentPostprocessing = 0;
		};
/* End PBXFrameworksBuildPhase section */

/* Begin PBXGroup section */
		AD222052219BD94E0013519F = {
			isa = PBXGroup;
			children = (
				AD22205D219BD94E0013519F /* LocalAuthenticationProject */,
				AD222072219BD94F0013519F /* LocalAuthenticationProjectTests */,
				AD22205C219BD94E0013519F /* Products */,
			);
			sourceTree = "<group>";
		};
		AD22205C219BD94E0013519F /* Products */ = {
			isa = PBXGroup;
			children = (
				AD22205B219BD94E0013519F /* LocalAuthenticationProject.app */,
				AD22206F219BD94F0013519F /* LocalAuthenticationProjectTests.xctest */,
			);
			name = Products;
			sourceTree = "<group>";
		};
		AD22205D219BD94E0013519F /* LocalAuthenticationProject */ = {
			isa = PBXGroup;
			children = (
				AD22205E219BD94E0013519F /* AppDelegate.swift */,
				AD222060219BD94E0013519F /* LogInViewController.swift */,
				AD222080219BDACE0013519F /* BiometricAuthentication.swift */,
				AD22207E219BDA420013519F /* HomeViewController.swift */,
				AD222062219BD94E0013519F /* Main.storyboard */,
				AD222065219BD94F0013519F /* Assets.xcassets */,
				AD222067219BD94F0013519F /* LaunchScreen.storyboard */,
				AD22206A219BD94F0013519F /* Info.plist */,
			);
			path = LocalAuthenticationProject;
			sourceTree = "<group>";
		};
		AD222072219BD94F0013519F /* LocalAuthenticationProjectTests */ = {
			isa = PBXGroup;
			children = (
				AD222073219BD94F0013519F /* LocalAuthenticationProjectTests.swift */,
				AD222075219BD94F0013519F /* Info.plist */,
			);
			path = LocalAuthenticationProjectTests;
			sourceTree = "<group>";
		};
/* End PBXGroup section */

/* Begin PBXNativeTarget section */
		AD22205A219BD94E0013519F /* LocalAuthenticationProject */ = {
			isa = PBXNativeTarget;
			buildConfigurationList = AD222078219BD94F0013519F /* Build configuration list for PBXNativeTarget "LocalAuthenticationProject" */;
			buildPhases = (
				AD222057219BD94E0013519F /* Sources */,
				AD222058219BD94E0013519F /* Frameworks */,
				AD222059219BD94E0013519F /* Resources */,
			);
			buildRules = (
			);
			dependencies = (
			);
			name = LocalAuthenticationProject;
			productName = LocalAuthenticationProject;
			productReference = AD22205B219BD94E0013519F /* LocalAuthenticationProject.app */;
			productType = "com.apple.product-type.application";
		};
		AD22206E219BD94F0013519F /* LocalAuthenticationProjectTests */ = {
			isa = PBXNativeTarget;
			buildConfigurationList = AD22207B219BD94F0013519F /* Build configuration list for PBXNativeTarget "LocalAuthenticationProjectTests" */;
			buildPhases = (
				AD22206B219BD94F0013519F /* Sources */,
				AD22206C219BD94F0013519F /* Frameworks */,
				AD22206D219BD94F0013519F /* Resources */,
			);
			buildRules = (
			);
			dependencies = (
				AD222071219BD94F0013519F /* PBXTargetDependency */,
			);
			name = LocalAuthenticationProjectTests;
			productName = LocalAuthenticationProjectTests;
			productReference = AD22206F219BD94F0013519F /* LocalAuthenticationProjectTests.xctest */;
			productType = "com.apple.product-type.bundle.unit-test";
		};
/* End PBXNativeTarget section */

/* Begin PBXProject section */
		AD222053219BD94E0013519F /* Project object */ = {
			isa = PBXProject;
			attributes = {
				LastSwiftUpdateCheck = 1010;
				LastUpgradeCheck = 1010;
				ORGANIZATIONNAME = "Ashis Laha";
				TargetAttributes = {
					AD22205A219BD94E0013519F = {
						CreatedOnToolsVersion = 10.1;
					};
					AD22206E219BD94F0013519F = {
						CreatedOnToolsVersion = 10.1;
						TestTargetID = AD22205A219BD94E0013519F;
					};
				};
			};
			buildConfigurationList = AD222056219BD94E0013519F /* Build configuration list for PBXProject "LocalAuthenticationProject" */;
			compatibilityVersion = "Xcode 9.3";
			developmentRegion = en;
			hasScannedForEncodings = 0;
			knownRegions = (
				en,
				Base,
			);
			mainGroup = AD222052219BD94E0013519F;
			productRefGroup = AD22205C219BD94E0013519F /* Products */;
			projectDirPath = "";
			projectRoot = "";
			targets = (
				AD22205A219BD94E0013519F /* LocalAuthenticationProject */,
				AD22206E219BD94F0013519F /* LocalAuthenticationProjectTests */,
			);
		};
/* End PBXProject section */

/* Begin PBXResourcesBuildPhase section */
		AD222059219BD94E0013519F /* Resources */ = {
			isa = PBXResourcesBuildPhase;
			buildActionMask = 2147483647;
			files = (
				AD222069219BD94F0013519F /* LaunchScreen.storyboard in Resources */,
				AD222066219BD94F0013519F /* Assets.xcassets in Resources */,
				AD222064219BD94E0013519F /* Main.storyboard in Resources */,
			);
			runOnlyForDeploymentPostprocessing = 0;
		};
		AD22206D219BD94F0013519F /* Resources */ = {
			isa = PBXResourcesBuildPhase;
			buildActionMask = 2147483647;
			files = (
			);
			runOnlyForDeploymentPostprocessing = 0;
		};
/* End PBXResourcesBuildPhase section */

/* Begin PBXSourcesBuildPhase section */
		AD222057219BD94E0013519F /* Sources */ = {
			isa = PBXSourcesBuildPhase;
			buildActionMask = 2147483647;
			files = (
				AD222061219BD94E0013519F /* LogInViewController.swift in Sources */,
				AD22205F219BD94E0013519F /* AppDelegate.swift in Sources */,
				AD222081219BDACE0013519F /* BiometricAuthentication.swift in Sources */,
				AD22207F219BDA420013519F /* HomeViewController.swift in Sources */,
			);
			runOnlyForDeploymentPostprocessing = 0;
		};
		AD22206B219BD94F0013519F /* Sources */ = {
			isa = PBXSourcesBuildPhase;
			buildActionMask = 2147483647;
			files = (
				AD222074219BD94F0013519F /* LocalAuthenticationProjectTests.swift in Sources */,
			);
			runOnlyForDeploymentPostprocessing = 0;
		};
/* End PBXSourcesBuildPhase section */

/* Begin PBXTargetDependency section */
		AD222071219BD94F0013519F /* PBXTargetDependency */ = {
			isa = PBXTargetDependency;
			target = AD22205A219BD94E0013519F /* LocalAuthenticationProject */;
			targetProxy = AD222070219BD94F0013519F /* PBXContainerItemProxy */;
		};
/* End PBXTargetDependency section */

/* Begin PBXVariantGroup section */
		AD222062219BD94E0013519F /* Main.storyboard */ = {
			isa = PBXVariantGroup;
			children = (
				AD222063219BD94E0013519F /* Base */,
			);
			name = Main.storyboard;
			sourceTree = "<group>";
		};
		AD222067219BD94F0013519F /* LaunchScreen.storyboard */ = {
			isa = PBXVariantGroup;
			children = (
				AD222068219BD94F0013519F /* Base */,
			);
			name = LaunchScreen.storyboard;
			sourceTree = "<group>";
		};
/* End PBXVariantGroup section */

/* Begin XCBuildConfiguration section */
		AD222076219BD94F0013519F /* Debug */ = {
			isa = XCBuildConfiguration;
			buildSettings = {
				ALWAYS_SEARCH_USER_PATHS = NO;
				CLANG_ANALYZER_NONNULL = YES;
				CLANG_ANALYZER_NUMBER_OBJECT_CONVERSION = YES_AGGRESSIVE;
				CLANG_CXX_LANGUAGE_STANDARD = "gnu++14";
				CLANG_CXX_LIBRARY = "libc++";
				CLANG_ENABLE_MODULES = YES;
				CLANG_ENABLE_OBJC_ARC = YES;
				CLANG_ENABLE_OBJC_WEAK = YES;
				CLANG_WARN_BLOCK_CAPTURE_AUTORELEASING = YES;
				CLANG_WARN_BOOL_CONVERSION = YES;
				CLANG_WARN_COMMA = YES;
				CLANG_WARN_CONSTANT_CONVERSION = YES;
				CLANG_WARN_DEPRECATED_OBJC_IMPLEMENTATIONS = YES;
				CLANG_WARN_DIRECT_OBJC_ISA_USAGE = YES_ERROR;
				CLANG_WARN_DOCUMENTATION_COMMENTS = YES;
				CLANG_WARN_EMPTY_BODY = YES;
				CLANG_WARN_ENUM_CONVERSION = YES;
				CLANG_WARN_INFINITE_RECURSION = YES;
				CLANG_WARN_INT_CONVERSION = YES;
				CLANG_WARN_NON_LITERAL_NULL_CONVERSION = YES;
				CLANG_WARN_OBJC_IMPLICIT_RETAIN_SELF = YES;
				CLANG_WARN_OBJC_LITERAL_CONVERSION = YES;
				CLANG_WARN_OBJC_ROOT_CLASS = YES_ERROR;
				CLANG_WARN_RANGE_LOOP_ANALYSIS = YES;
				CLANG_WARN_STRICT_PROTOTYPES = YES;
				CLANG_WARN_SUSPICIOUS_MOVE = YES;
				CLANG_WARN_UNGUARDED_AVAILABILITY = YES_AGGRESSIVE;
				CLANG_WARN_UNREACHABLE_CODE = YES;
				CLANG_WARN__DUPLICATE_METHOD_MATCH = YES;
				CODE_SIGN_IDENTITY = "iPhone Developer";
				COPY_PHASE_STRIP = NO;
				DEBUG_INFORMATION_FORMAT = dwarf;
				ENABLE_STRICT_OBJC_MSGSEND = YES;
				ENABLE_TESTABILITY = YES;
				GCC_C_LANGUAGE_STANDARD = gnu11;
				GCC_DYNAMIC_NO_PIC = NO;
				GCC_NO_COMMON_BLOCKS = YES;
				GCC_OPTIMIZATION_LEVEL = 0;
				GCC_PREPROCESSOR_DEFINITIONS = (
					"DEBUG=1",
					"$(inherited)",
				);
				GCC_WARN_64_TO_32_BIT_CONVERSION = YES;
				GCC_WARN_ABOUT_RETURN_TYPE = YES_ERROR;
				GCC_WARN_UNDECLARED_SELECTOR = YES;
				GCC_WARN_UNINITIALIZED_AUTOS = YES_AGGRESSIVE;
				GCC_WARN_UNUSED_FUNCTION = YES;
				GCC_WARN_UNUSED_VARIABLE = YES;
				IPHONEOS_DEPLOYMENT_TARGET = 12.1;
				MTL_ENABLE_DEBUG_INFO = INCLUDE_SOURCE;
				MTL_FAST_MATH = YES;
				ONLY_ACTIVE_ARCH = YES;
				SDKROOT = iphoneos;
				SWIFT_ACTIVE_COMPILATION_CONDITIONS = DEBUG;
				SWIFT_OPTIMIZATION_LEVEL = "-Onone";
			};
			name = Debug;
		};
		AD222077219BD94F0013519F /* Release */ = {
			isa = XCBuildConfiguration;
			buildSettings = {
				ALWAYS_SEARCH_USER_PATHS = NO;
				CLANG_ANALYZER_NONNULL = YES;
				CLANG_ANALYZER_NUMBER_OBJECT_CONVERSION = YES_AGGRESSIVE;
				CLANG_CXX_LANGUAGE_STANDARD = "gnu++14";
				CLANG_CXX_LIBRARY = "libc++";
				CLANG_ENABLE_MODULES = YES;
				CLANG_ENABLE_OBJC_ARC = YES;
				CLANG_ENABLE_OBJC_WEAK = YES;
				CLANG_WARN_BLOCK_CAPTURE_AUTORELEASING = YES;
				CLANG_WARN_BOOL_CONVERSION = YES;
				CLANG_WARN_COMMA = YES;
				CLANG_WARN_CONSTANT_CONVERSION = YES;
				CLANG_WARN_DEPRECATED_OBJC_IMPLEMENTATIONS = YES;
				CLANG_WARN_DIRECT_OBJC_ISA_USAGE = YES_ERROR;
				CLANG_WARN_DOCUMENTATION_COMMENTS = YES;
				CLANG_WARN_EMPTY_BODY = YES;
				CLANG_WARN_ENUM_CONVERSION = YES;
				CLANG_WARN_INFINITE_RECURSION = YES;
				CLANG_WARN_INT_CONVERSION = YES;
				CLANG_WARN_NON_LITERAL_NULL_CONVERSION = YES;
				CLANG_WARN_OBJC_IMPLICIT_RETAIN_SELF = YES;
				CLANG_WARN_OBJC_LITERAL_CONVERSION = YES;
				CLANG_WARN_OBJC_ROOT_CLASS = YES_ERROR;
				CLANG_WARN_RANGE_LOOP_ANALYSIS = YES;
				CLANG_WARN_STRICT_PROTOTYPES = YES;
				CLANG_WARN_SUSPICIOUS_MOVE = YES;
				CLANG_WARN_UNGUARDED_AVAILABILITY = YES_AGGRESSIVE;
				CLANG_WARN_UNREACHABLE_CODE = YES;
				CLANG_WARN__DUPLICATE_METHOD_MATCH = YES;
				CODE_SIGN_IDENTITY = "iPhone Developer";
				COPY_PHASE_STRIP = NO;
				DEBUG_INFORMATION_FORMAT = "dwarf-with-dsym";
				ENABLE_NS_ASSERTIONS = NO;
				ENABLE_STRICT_OBJC_MSGSEND = YES;
				GCC_C_LANGUAGE_STANDARD = gnu11;
				GCC_NO_COMMON_BLOCKS = YES;
				GCC_WARN_64_TO_32_BIT_CONVERSION = YES;
				GCC_WARN_ABOUT_RETURN_TYPE = YES_ERROR;
				GCC_WARN_UNDECLARED_SELECTOR = YES;
				GCC_WARN_UNINITIALIZED_AUTOS = YES_AGGRESSIVE;
				GCC_WARN_UNUSED_FUNCTION = YES;
				GCC_WARN_UNUSED_VARIABLE = YES;
				IPHONEOS_DEPLOYMENT_TARGET = 12.1;
				MTL_ENABLE_DEBUG_INFO = NO;
				MTL_FAST_MATH = YES;
				SDKROOT = iphoneos;
				SWIFT_COMPILATION_MODE = wholemodule;
				SWIFT_OPTIMIZATION_LEVEL = "-O";
				VALIDATE_PRODUCT = YES;
			};
			name = Release;
		};
		AD222079219BD94F0013519F /* Debug */ = {
			isa = XCBuildConfiguration;
			buildSettings = {
				ASSETCATALOG_COMPILER_APPICON_NAME = AppIcon;
				CODE_SIGN_STYLE = Automatic;
				DEVELOPMENT_TEAM = W3Z9URG96M;
				INFOPLIST_FILE = LocalAuthenticationProject/Info.plist;
				LD_RUNPATH_SEARCH_PATHS = (
					"$(inherited)",
					"@executable_path/Frameworks",
				);
				PRODUCT_BUNDLE_IDENTIFIER = com.ashislaha.LocalAuthenticationProject;
				PRODUCT_NAME = "$(TARGET_NAME)";
				SWIFT_VERSION = 4.2;
				TARGETED_DEVICE_FAMILY = "1,2";
			};
			name = Debug;
		};
		AD22207A219BD94F0013519F /* Release */ = {
			isa = XCBuildConfiguration;
			buildSettings = {
				ASSETCATALOG_COMPILER_APPICON_NAME = AppIcon;
				CODE_SIGN_STYLE = Automatic;
				DEVELOPMENT_TEAM = W3Z9URG96M;
				INFOPLIST_FILE = LocalAuthenticationProject/Info.plist;
				LD_RUNPATH_SEARCH_PATHS = (
					"$(inherited)",
					"@executable_path/Frameworks",
				);
				PRODUCT_BUNDLE_IDENTIFIER = com.ashislaha.LocalAuthenticationProject;
				PRODUCT_NAME = "$(TARGET_NAME)";
				SWIFT_VERSION = 4.2;
				TARGETED_DEVICE_FAMILY = "1,2";
			};
			name = Release;
		};
		AD22207C219BD94F0013519F /* Debug */ = {
			isa = XCBuildConfiguration;
			buildSettings = {
				ALWAYS_EMBED_SWIFT_STANDARD_LIBRARIES = YES;
				BUNDLE_LOADER = "$(TEST_HOST)";
				CODE_SIGN_STYLE = Automatic;
				DEVELOPMENT_TEAM = W3Z9URG96M;
				INFOPLIST_FILE = LocalAuthenticationProjectTests/Info.plist;
				LD_RUNPATH_SEARCH_PATHS = (
					"$(inherited)",
					"@executable_path/Frameworks",
					"@loader_path/Frameworks",
				);
				PRODUCT_BUNDLE_IDENTIFIER = com.ashislaha.LocalAuthenticationProjectTests;
				PRODUCT_NAME = "$(TARGET_NAME)";
				SWIFT_VERSION = 4.2;
				TARGETED_DEVICE_FAMILY = "1,2";
				TEST_HOST = "$(BUILT_PRODUCTS_DIR)/LocalAuthenticationProject.app/LocalAuthenticationProject";
			};
			name = Debug;
		};
		AD22207D219BD94F0013519F /* Release */ = {
			isa = XCBuildConfiguration;
			buildSettings = {
				ALWAYS_EMBED_SWIFT_STANDARD_LIBRARIES = YES;
				BUNDLE_LOADER = "$(TEST_HOST)";
				CODE_SIGN_STYLE = Automatic;
				DEVELOPMENT_TEAM = W3Z9URG96M;
				INFOPLIST_FILE = LocalAuthenticationProjectTests/Info.plist;
				LD_RUNPATH_SEARCH_PATHS = (
					"$(inherited)",
					"@executable_path/Frameworks",
					"@loader_path/Frameworks",
				);
				PRODUCT_BUNDLE_IDENTIFIER = com.ashislaha.LocalAuthenticationProjectTests;
				PRODUCT_NAME = "$(TARGET_NAME)";
				SWIFT_VERSION = 4.2;
				TARGETED_DEVICE_FAMILY = "1,2";
				TEST_HOST = "$(BUILT_PRODUCTS_DIR)/LocalAuthenticationProject.app/LocalAuthenticationProject";
			};
			name = Release;
		};
/* End XCBuildConfiguration section */

/* Begin XCConfigurationList section */
		AD222056219BD94E0013519F /* Build configuration list for PBXProject "LocalAuthenticationProject" */ = {
			isa = XCConfigurationList;
			buildConfigurations = (
				AD222076219BD94F0013519F /* Debug */,
				AD222077219BD94F0013519F /* Release */,
			);
			defaultConfigurationIsVisible = 0;
			defaultConfigurationName = Release;
		};
		AD222078219BD94F0013519F /* Build configuration list for PBXNativeTarget "LocalAuthenticationProject" */ = {
			isa = XCConfigurationList;
			buildConfigurations = (
				AD222079219BD94F0013519F /* Debug */,
				AD22207A219BD94F0013519F /* Release */,
			);
			defaultConfigurationIsVisible = 0;
			defaultConfigurationName = Release;
		};
		AD22207B219BD94F0013519F /* Build configuration list for PBXNativeTarget "LocalAuthenticationProjectTests" */ = {
			isa = XCConfigurationList;
			buildConfigurations = (
				AD22207C219BD94F0013519F /* Debug */,
				AD22207D219BD94F0013519F /* Release */,
			);
			defaultConfigurationIsVisible = 0;
			defaultConfigurationName = Release;
		};
/* End XCConfigurationList section */
	};
	rootObject = AD222053219BD94E0013519F /* Project object */;
}
